
Microsoft Visual Studio Solution File, Format Version 12.00
# Visual Studio 15
VisualStudioVersion = 15.0.28307.168
MinimumVisualStudioVersion = 10.0.40219.1
Project("{F184B08F-C81C-45F6-A57F-5ABD9991F28F}") = "Concnetrator Tether", "Concnetrator Tether\Concnetrator Tether.vbproj", "{F4E4E788-996F-4D03-9DB7-B1C12B93FB47}"
EndProject
Global
	GlobalSection(SolutionConfigurationPlatforms) = preSolution
		Debug|Any CPU = Debug|Any CPU
		Release|Any CPU = Release|Any CPU
	EndGlobalSection
	GlobalSection(ProjectConfigurationPlatforms) = postSolution
		{F4E4E788-996F-4D03-9DB7-B1C12B93FB47}.Debug|Any CPU.ActiveCfg = Debug|Any CPU
		{F4E4E788-996F-4D03-9DB7-B1C12B93FB47}.Debug|Any CPU.Build.0 = Debug|Any CPU
		{F4E4E788-996F-4D03-9DB7-B1C12B93FB47}.Release|Any CPU.ActiveCfg = Release|Any CPU
		{F4E4E788-996F-4D03-9DB7-B1C12B93FB47}.Release|Any CPU.Build.0 = Release|Any CPU
	EndGlobalSection
	GlobalSection(SolutionProperties) = preSolution
		HideSolutionNode = FALSE
	EndGlobalSection
	GlobalSection(ExtensibilityGlobals) = postSolution
		SolutionGuid = {C952A6B2-261B-4E86-B086-B82827E932EB}
	EndGlobalSection
EndGlobal
